// !$*UTF8*$!
{
	archiveVersion = 1;
	classes = {
	};
	objectVersion = 56;
	objects = {

/* Begin PBXBuildFile section */
		F901693D2B6FD80A00D42BD9 /* SecretCameraRollApp.swift in Sources */ = {isa = PBXBuildFile; fileRef = F901693C2B6FD80A00D42BD9 /* SecretCameraRollApp.swift */; };
		F901693F2B6FD80A00D42BD9 /* ContentView.swift in Sources */ = {isa = PBXBuildFile; fileRef = F901693E2B6FD80A00D42BD9 /* ContentView.swift */; };
		F90169412B6FD80B00D42BD9 /* Assets.xcassets in Resources */ = {isa = PBXBuildFile; fileRef = F90169402B6FD80B00D42BD9 /* Assets.xcassets */; };
		F90169442B6FD80B00D42BD9 /* Preview Assets.xcassets in Resources */ = {isa = PBXBuildFile; fileRef = F90169432B6FD80B00D42BD9 /* Preview Assets.xcassets */; };
		F901694E2B6FD80B00D42BD9 /* SecretCameraRollTests.swift in Sources */ = {isa = PBXBuildFile; fileRef = F901694D2B6FD80B00D42BD9 /* SecretCameraRollTests.swift */; };
		F90169582B6FD80B00D42BD9 /* SecretCameraRollUITests.swift in Sources */ = {isa = PBXBuildFile; fileRef = F90169572B6FD80B00D42BD9 /* SecretCameraRollUITests.swift */; };
		F901695A2B6FD80B00D42BD9 /* SecretCameraRollUITestsLaunchTests.swift in Sources */ = {isa = PBXBuildFile; fileRef = F90169592B6FD80B00D42BD9 /* SecretCameraRollUITestsLaunchTests.swift */; };
/* End PBXBuildFile section */

/* Begin PBXContainerItemProxy section */
		F901694A2B6FD80B00D42BD9 /* PBXContainerItemProxy */ = {
			isa = PBXContainerItemProxy;
			containerPortal = F90169312B6FD80A00D42BD9 /* Project object */;
			proxyType = 1;
			remoteGlobalIDString = F90169382B6FD80A00D42BD9;
			remoteInfo = SecretCameraRoll;
		};
		F90169542B6FD80B00D42BD9 /* PBXContainerItemProxy */ = {
			isa = PBXContainerItemProxy;
			containerPortal = F90169312B6FD80A00D42BD9 /* Project object */;
			proxyType = 1;
			remoteGlobalIDString = F90169382B6FD80A00D42BD9;
			remoteInfo = SecretCameraRoll;
		};
/* End PBXContainerItemProxy section */

/* Begin PBXFileReference section */
		F90169392B6FD80A00D42BD9 /* SecretCameraRoll.app */ = {isa = PBXFileReference; explicitFileType = wrapper.application; includeInIndex = 0; path = SecretCameraRoll.app; sourceTree = BUILT_PRODUCTS_DIR; };
		F901693C2B6FD80A00D42BD9 /* SecretCameraRollApp.swift */ = {isa = PBXFileReference; lastKnownFileType = sourcecode.swift; path = SecretCameraRollApp.swift; sourceTree = "<group>"; };
		F901693E2B6FD80A00D42BD9 /* ContentView.swift */ = {isa = PBXFileReference; lastKnownFileType = sourcecode.swift; path = ContentView.swift; sourceTree = "<group>"; };
		F90169402B6FD80B00D42BD9 /* Assets.xcassets */ = {isa = PBXFileReference; lastKnownFileType = folder.assetcatalog; path = Assets.xcassets; sourceTree = "<group>"; };
		F90169432B6FD80B00D42BD9 /* Preview Assets.xcassets */ = {isa = PBXFileReference; lastKnownFileType = folder.assetcatalog; path = "Preview Assets.xcassets"; sourceTree = "<group>"; };
		F90169492B6FD80B00D42BD9 /* SecretCameraRollTests.xctest */ = {isa = PBXFileReference; explicitFileType = wrapper.cfbundle; includeInIndex = 0; path = SecretCameraRollTests.xctest; sourceTree = BUILT_PRODUCTS_DIR; };
		F901694D2B6FD80B00D42BD9 /* SecretCameraRollTests.swift */ = {isa = PBXFileReference; lastKnownFileType = sourcecode.swift; path = SecretCameraRollTests.swift; sourceTree = "<group>"; };
		F90169532B6FD80B00D42BD9 /* SecretCameraRollUITests.xctest */ = {isa = PBXFileReference; explicitFileType = wrapper.cfbundle; includeInIndex = 0; path = SecretCameraRollUITests.xctest; sourceTree = BUILT_PRODUCTS_DIR; };
		F90169572B6FD80B00D42BD9 /* SecretCameraRollUITests.swift */ = {isa = PBXFileReference; lastKnownFileType = sourcecode.swift; path = SecretCameraRollUITests.swift; sourceTree = "<group>"; };
		F90169592B6FD80B00D42BD9 /* SecretCameraRollUITestsLaunchTests.swift */ = {isa = PBXFileReference; lastKnownFileType = sourcecode.swift; path = SecretCameraRollUITestsLaunchTests.swift; sourceTree = "<group>"; };
/* End PBXFileReference section */

/* Begin PBXFrameworksBuildPhase section */
		F90169362B6FD80A00D42BD9 /* Frameworks */ = {
			isa = PBXFrameworksBuildPhase;
			buildActionMask = 2147483647;
			files = (
			);
			runOnlyForDeploymentPostprocessing = 0;
		};
		F90169462B6FD80B00D42BD9 /* Frameworks */ = {
			isa = PBXFrameworksBuildPhase;
			buildActionMask = 2147483647;
			files = (
			);
			runOnlyForDeploymentPostprocessing = 0;
		};
		F90169502B6FD80B00D42BD9 /* Frameworks */ = {
			isa = PBXFrameworksBuildPhase;
			buildActionMask = 2147483647;
			files = (
			);
			runOnlyForDeploymentPostprocessing = 0;
		};
/* End PBXFrameworksBuildPhase section */

/* Begin PBXGroup section */
		F90169302B6FD80A00D42BD9 = {
			isa = PBXGroup;
			children = (
				F901693B2B6FD80A00D42BD9 /* SecretCameraRoll */,
				F901694C2B6FD80B00D42BD9 /* SecretCameraRollTests */,
				F90169562B6FD80B00D42BD9 /* SecretCameraRollUITests */,
				F901693A2B6FD80A00D42BD9 /* Products */,
			);
			sourceTree = "<group>";
		};
		F901693A2B6FD80A00D42BD9 /* Products */ = {
			isa = PBXGroup;
			children = (
				F90169392B6FD80A00D42BD9 /* SecretCameraRoll.app */,
				F90169492B6FD80B00D42BD9 /* SecretCameraRollTests.xctest */,
				F90169532B6FD80B00D42BD9 /* SecretCameraRollUITests.xctest */,
			);
			name = Products;
			sourceTree = "<group>";
		};
		F901693B2B6FD80A00D42BD9 /* SecretCameraRoll */ = {
			isa = PBXGroup;
			children = (
				F901693C2B6FD80A00D42BD9 /* SecretCameraRollApp.swift */,
				F901693E2B6FD80A00D42BD9 /* ContentView.swift */,
				F90169402B6FD80B00D42BD9 /* Assets.xcassets */,
				F90169422B6FD80B00D42BD9 /* Preview Content */,
			);
			path = SecretCameraRoll;
			sourceTree = "<group>";
		};
		F90169422B6FD80B00D42BD9 /* Preview Content */ = {
			isa = PBXGroup;
			children = (
				F90169432B6FD80B00D42BD9 /* Preview Assets.xcassets */,
			);
			path = "Preview Content";
			sourceTree = "<group>";
		};
		F901694C2B6FD80B00D42BD9 /* SecretCameraRollTests */ = {
			isa = PBXGroup;
			children = (
				F901694D2B6FD80B00D42BD9 /* SecretCameraRollTests.swift */,
			);
			path = SecretCameraRollTests;
			sourceTree = "<group>";
		};
		F90169562B6FD80B00D42BD9 /* SecretCameraRollUITests */ = {
			isa = PBXGroup;
			children = (
				F90169572B6FD80B00D42BD9 /* SecretCameraRollUITests.swift */,
				F90169592B6FD80B00D42BD9 /* SecretCameraRollUITestsLaunchTests.swift */,
			);
			path = SecretCameraRollUITests;
			sourceTree = "<group>";
		};
/* End PBXGroup section */

/* Begin PBXNativeTarget section */
		F90169382B6FD80A00D42BD9 /* SecretCameraRoll */ = {
			isa = PBXNativeTarget;
			buildConfigurationList = F901695D2B6FD80B00D42BD9 /* Build configuration list for PBXNativeTarget "SecretCameraRoll" */;
			buildPhases = (
				F90169352B6FD80A00D42BD9 /* Sources */,
				F90169362B6FD80A00D42BD9 /* Frameworks */,
				F90169372B6FD80A00D42BD9 /* Resources */,
			);
			buildRules = (
			);
			dependencies = (
			);
			name = SecretCameraRoll;
			productName = SecretCameraRoll;
			productReference = F90169392B6FD80A00D42BD9 /* SecretCameraRoll.app */;
			productType = "com.apple.product-type.application";
		};
		F90169482B6FD80B00D42BD9 /* SecretCameraRollTests */ = {
			isa = PBXNativeTarget;
			buildConfigurationList = F90169602B6FD80B00D42BD9 /* Build configuration list for PBXNativeTarget "SecretCameraRollTests" */;
			buildPhases = (
				F90169452B6FD80B00D42BD9 /* Sources */,
				F90169462B6FD80B00D42BD9 /* Frameworks */,
				F90169472B6FD80B00D42BD9 /* Resources */,
			);
			buildRules = (
			);
			dependencies = (
				F901694B2B6FD80B00D42BD9 /* PBXTargetDependency */,
			);
			name = SecretCameraRollTests;
			productName = SecretCameraRollTests;
			productReference = F90169492B6FD80B00D42BD9 /* SecretCameraRollTests.xctest */;
			productType = "com.apple.product-type.bundle.unit-test";
		};
		F90169522B6FD80B00D42BD9 /* SecretCameraRollUITests */ = {
			isa = PBXNativeTarget;
			buildConfigurationList = F90169632B6FD80B00D42BD9 /* Build configuration list for PBXNativeTarget "SecretCameraRollUITests" */;
			buildPhases = (
				F901694F2B6FD80B00D42BD9 /* Sources */,
				F90169502B6FD80B00D42BD9 /* Frameworks */,
				F90169512B6FD80B00D42BD9 /* Resources */,
			);
			buildRules = (
			);
			dependencies = (
				F90169552B6FD80B00D42BD9 /* PBXTargetDependency */,
			);
			name = SecretCameraRollUITests;
			productName = SecretCameraRollUITests;
			productReference = F90169532B6FD80B00D42BD9 /* SecretCameraRollUITests.xctest */;
			productType = "com.apple.product-type.bundle.ui-testing";
		};
/* End PBXNativeTarget section */

/* Begin PBXProject section */
		F90169312B6FD80A00D42BD9 /* Project object */ = {
			isa = PBXProject;
			attributes = {
				BuildIndependentTargetsInParallel = 1;
				LastSwiftUpdateCheck = 1520;
				LastUpgradeCheck = 1520;
				TargetAttributes = {
					F90169382B6FD80A00D42BD9 = {
						CreatedOnToolsVersion = 15.2;
					};
					F90169482B6FD80B00D42BD9 = {
						CreatedOnToolsVersion = 15.2;
						TestTargetID = F90169382B6FD80A00D42BD9;
					};
					F90169522B6FD80B00D42BD9 = {
						CreatedOnToolsVersion = 15.2;
						TestTargetID = F90169382B6FD80A00D42BD9;
					};
				};
			};
			buildConfigurationList = F90169342B6FD80A00D42BD9 /* Build configuration list for PBXProject "SecretCameraRoll" */;
			compatibilityVersion = "Xcode 14.0";
			developmentRegion = en;
			hasScannedForEncodings = 0;
			knownRegions = (
				en,
				Base,
			);
			mainGroup = F90169302B6FD80A00D42BD9;
			productRefGroup = F901693A2B6FD80A00D42BD9 /* Products */;
			projectDirPath = "";
			projectRoot = "";
			targets = (
				F90169382B6FD80A00D42BD9 /* SecretCameraRoll */,
				F90169482B6FD80B00D42BD9 /* SecretCameraRollTests */,
				F90169522B6FD80B00D42BD9 /* SecretCameraRollUITests */,
			);
		};
/* End PBXProject section */

/* Begin PBXResourcesBuildPhase section */
		F90169372B6FD80A00D42BD9 /* Resources */ = {
			isa = PBXResourcesBuildPhase;
			buildActionMask = 2147483647;
			files = (
				F90169442B6FD80B00D42BD9 /* Preview Assets.xcassets in Resources */,
				F90169412B6FD80B00D42BD9 /* Assets.xcassets in Resources */,
			);
			runOnlyForDeploymentPostprocessing = 0;
		};
		F90169472B6FD80B00D42BD9 /* Resources */ = {
			isa = PBXResourcesBuildPhase;
			buildActionMask = 2147483647;
			files = (
			);
			runOnlyForDeploymentPostprocessing = 0;
		};
		F90169512B6FD80B00D42BD9 /* Resources */ = {
			isa = PBXResourcesBuildPhase;
			buildActionMask = 2147483647;
			files = (
			);
			runOnlyForDeploymentPostprocessing = 0;
		};
/* End PBXResourcesBuildPhase section */

/* Begin PBXSourcesBuildPhase section */
		F90169352B6FD80A00D42BD9 /* Sources */ = {
			isa = PBXSourcesBuildPhase;
			buildActionMask = 2147483647;
			files = (
				F901693F2B6FD80A00D42BD9 /* ContentView.swift in Sources */,
				F901693D2B6FD80A00D42BD9 /* SecretCameraRollApp.swift in Sources */,
			);
			runOnlyForDeploymentPostprocessing = 0;
		};
		F90169452B6FD80B00D42BD9 /* Sources */ = {
			isa = PBXSourcesBuildPhase;
			buildActionMask = 2147483647;
			files = (
				F901694E2B6FD80B00D42BD9 /* SecretCameraRollTests.swift in Sources */,
			);
			runOnlyForDeploymentPostprocessing = 0;
		};
		F901694F2B6FD80B00D42BD9 /* Sources */ = {
			isa = PBXSourcesBuildPhase;
			buildActionMask = 2147483647;
			files = (
				F901695A2B6FD80B00D42BD9 /* SecretCameraRollUITestsLaunchTests.swift in Sources */,
				F90169582B6FD80B00D42BD9 /* SecretCameraRollUITests.swift in Sources */,
			);
			runOnlyForDeploymentPostprocessing = 0;
		};
/* End PBXSourcesBuildPhase section */

/* Begin PBXTargetDependency section */
		F901694B2B6FD80B00D42BD9 /* PBXTargetDependency */ = {
			isa = PBXTargetDependency;
			target = F90169382B6FD80A00D42BD9 /* SecretCameraRoll */;
			targetProxy = F901694A2B6FD80B00D42BD9 /* PBXContainerItemProxy */;
		};
		F90169552B6FD80B00D42BD9 /* PBXTargetDependency */ = {
			isa = PBXTargetDependency;
			target = F90169382B6FD80A00D42BD9 /* SecretCameraRoll */;
			targetProxy = F90169542B6FD80B00D42BD9 /* PBXContainerItemProxy */;
		};
/* End PBXTargetDependency section */

/* Begin XCBuildConfiguration section */
		F901695B2B6FD80B00D42BD9 /* Debug */ = {
			isa = XCBuildConfiguration;
			buildSettings = {
				ALWAYS_SEARCH_USER_PATHS = NO;
				ASSETCATALOG_COMPILER_GENERATE_SWIFT_ASSET_SYMBOL_EXTENSIONS = YES;
				CLANG_ANALYZER_NONNULL = YES;
				CLANG_ANALYZER_NUMBER_OBJECT_CONVERSION = YES_AGGRESSIVE;
				CLANG_CXX_LANGUAGE_STANDARD = "gnu++20";
				CLANG_ENABLE_MODULES = YES;
				CLANG_ENABLE_OBJC_ARC = YES;
				CLANG_ENABLE_OBJC_WEAK = YES;
				CLANG_WARN_BLOCK_CAPTURE_AUTORELEASING = YES;
				CLANG_WARN_BOOL_CONVERSION = YES;
				CLANG_WARN_COMMA = YES;
				CLANG_WARN_CONSTANT_CONVERSION = YES;
				CLANG_WARN_DEPRECATED_OBJC_IMPLEMENTATIONS = YES;
				CLANG_WARN_DIRECT_OBJC_ISA_USAGE = YES_ERROR;
				CLANG_WARN_DOCUMENTATION_COMMENTS = YES;
				CLANG_WARN_EMPTY_BODY = YES;
				CLANG_WARN_ENUM_CONVERSION = YES;
				CLANG_WARN_INFINITE_RECURSION = YES;
				CLANG_WARN_INT_CONVERSION = YES;
				CLANG_WARN_NON_LITERAL_NULL_CONVERSION = YES;
				CLANG_WARN_OBJC_IMPLICIT_RETAIN_SELF = YES;
				CLANG_WARN_OBJC_LITERAL_CONVERSION = YES;
				CLANG_WARN_OBJC_ROOT_CLASS = YES_ERROR;
				CLANG_WARN_QUOTED_INCLUDE_IN_FRAMEWORK_HEADER = YES;
				CLANG_WARN_RANGE_LOOP_ANALYSIS = YES;
				CLANG_WARN_STRICT_PROTOTYPES = YES;
				CLANG_WARN_SUSPICIOUS_MOVE = YES;
				CLANG_WARN_UNGUARDED_AVAILABILITY = YES_AGGRESSIVE;
				CLANG_WARN_UNREACHABLE_CODE = YES;
				CLANG_WARN__DUPLICATE_METHOD_MATCH = YES;
				COPY_PHASE_STRIP = NO;
				DEBUG_INFORMATION_FORMAT = dwarf;
				ENABLE_STRICT_OBJC_MSGSEND = YES;
				ENABLE_TESTABILITY = YES;
				ENABLE_USER_SCRIPT_SANDBOXING = YES;
				GCC_C_LANGUAGE_STANDARD = gnu17;
				GCC_DYNAMIC_NO_PIC = NO;
				GCC_NO_COMMON_BLOCKS = YES;
				GCC_OPTIMIZATION_LEVEL = 0;
				GCC_PREPROCESSOR_DEFINITIONS = (
					"DEBUG=1",
					"$(inherited)",
				);
				GCC_WARN_64_TO_32_BIT_CONVERSION = YES;
				GCC_WARN_ABOUT_RETURN_TYPE = YES_ERROR;
				GCC_WARN_UNDECLARED_SELECTOR = YES;
				GCC_WARN_UNINITIALIZED_AUTOS = YES_AGGRESSIVE;
				GCC_WARN_UNUSED_FUNCTION = YES;
				GCC_WARN_UNUSED_VARIABLE = YES;
				IPHONEOS_DEPLOYMENT_TARGET = 17.2;
				LOCALIZATION_PREFERS_STRING_CATALOGS = YES;
				MTL_ENABLE_DEBUG_INFO = INCLUDE_SOURCE;
				MTL_FAST_MATH = YES;
				ONLY_ACTIVE_ARCH = YES;
				SDKROOT = iphoneos;
				SWIFT_ACTIVE_COMPILATION_CONDITIONS = "DEBUG $(inherited)";
				SWIFT_OPTIMIZATION_LEVEL = "-Onone";
			};
			name = Debug;
		};
		F901695C2B6FD80B00D42BD9 /* Release */ = {
			isa = XCBuildConfiguration;
			buildSettings = {
				ALWAYS_SEARCH_USER_PATHS = NO;
				ASSETCATALOG_COMPILER_GENERATE_SWIFT_ASSET_SYMBOL_EXTENSIONS = YES;
				CLANG_ANALYZER_NONNULL = YES;
				CLANG_ANALYZER_NUMBER_OBJECT_CONVERSION = YES_AGGRESSIVE;
				CLANG_CXX_LANGUAGE_STANDARD = "gnu++20";
				CLANG_ENABLE_MODULES = YES;
				CLANG_ENABLE_OBJC_ARC = YES;
				CLANG_ENABLE_OBJC_WEAK = YES;
				CLANG_WARN_BLOCK_CAPTURE_AUTORELEASING = YES;
				CLANG_WARN_BOOL_CONVERSION = YES;
				CLANG_WARN_COMMA = YES;
				CLANG_WARN_CONSTANT_CONVERSION = YES;
				CLANG_WARN_DEPRECATED_OBJC_IMPLEMENTATIONS = YES;
				CLANG_WARN_DIRECT_OBJC_ISA_USAGE = YES_ERROR;
				CLANG_WARN_DOCUMENTATION_COMMENTS = YES;
				CLANG_WARN_EMPTY_BODY = YES;
				CLANG_WARN_ENUM_CONVERSION = YES;
				CLANG_WARN_INFINITE_RECURSION = YES;
				CLANG_WARN_INT_CONVERSION = YES;
				CLANG_WARN_NON_LITERAL_NULL_CONVERSION = YES;
				CLANG_WARN_OBJC_IMPLICIT_RETAIN_SELF = YES;
				CLANG_WARN_OBJC_LITERAL_CONVERSION = YES;
				CLANG_WARN_OBJC_ROOT_CLASS = YES_ERROR;
				CLANG_WARN_QUOTED_INCLUDE_IN_FRAMEWORK_HEADER = YES;
				CLANG_WARN_RANGE_LOOP_ANALYSIS = YES;
				CLANG_WARN_STRICT_PROTOTYPES = YES;
				CLANG_WARN_SUSPICIOUS_MOVE = YES;
				CLANG_WARN_UNGUARDED_AVAILABILITY = YES_AGGRESSIVE;
				CLANG_WARN_UNREACHABLE_CODE = YES;
				CLANG_WARN__DUPLICATE_METHOD_MATCH = YES;
				COPY_PHASE_STRIP = NO;
				DEBUG_INFORMATION_FORMAT = "dwarf-with-dsym";
				ENABLE_NS_ASSERTIONS = NO;
				ENABLE_STRICT_OBJC_MSGSEND = YES;
				ENABLE_USER_SCRIPT_SANDBOXING = YES;
				GCC_C_LANGUAGE_STANDARD = gnu17;
				GCC_NO_COMMON_BLOCKS = YES;
				GCC_WARN_64_TO_32_BIT_CONVERSION = YES;
				GCC_WARN_ABOUT_RETURN_TYPE = YES_ERROR;
				GCC_WARN_UNDECLARED_SELECTOR = YES;
				GCC_WARN_UNINITIALIZED_AUTOS = YES_AGGRESSIVE;
				GCC_WARN_UNUSED_FUNCTION = YES;
				GCC_WARN_UNUSED_VARIABLE = YES;
				IPHONEOS_DEPLOYMENT_TARGET = 17.2;
				LOCALIZATION_PREFERS_STRING_CATALOGS = YES;
				MTL_ENABLE_DEBUG_INFO = NO;
				MTL_FAST_MATH = YES;
				SDKROOT = iphoneos;
				SWIFT_COMPILATION_MODE = wholemodule;
				VALIDATE_PRODUCT = YES;
			};
			name = Release;
		};
		F901695E2B6FD80B00D42BD9 /* Debug */ = {
			isa = XCBuildConfiguration;
			buildSettings = {
				ASSETCATALOG_COMPILER_APPICON_NAME = AppIcon;
				ASSETCATALOG_COMPILER_GLOBAL_ACCENT_COLOR_NAME = AccentColor;
				CODE_SIGN_STYLE = Automatic;
				CURRENT_PROJECT_VERSION = 1;
				DEVELOPMENT_ASSET_PATHS = "\"SecretCameraRoll/Preview Content\"";
				DEVELOPMENT_TEAM = 893795FC3H;
				ENABLE_PREVIEWS = YES;
				GENERATE_INFOPLIST_FILE = YES;
				INFOPLIST_KEY_UIApplicationSceneManifest_Generation = YES;
				INFOPLIST_KEY_UIApplicationSupportsIndirectInputEvents = YES;
				INFOPLIST_KEY_UILaunchScreen_Generation = YES;
				INFOPLIST_KEY_UISupportedInterfaceOrientations_iPad = "UIInterfaceOrientationPortrait UIInterfaceOrientationPortraitUpsideDown UIInterfaceOrientationLandscapeLeft UIInterfaceOrientationLandscapeRight";
				INFOPLIST_KEY_UISupportedInterfaceOrientations_iPhone = "UIInterfaceOrientationPortrait UIInterfaceOrientationLandscapeLeft UIInterfaceOrientationLandscapeRight";
				LD_RUNPATH_SEARCH_PATHS = (
					"$(inherited)",
					"@executable_path/Frameworks",
				);
				MARKETING_VERSION = 1.0;
				PRODUCT_BUNDLE_IDENTIFIER = com.yves.SecretCameraRoll;
				PRODUCT_NAME = "$(TARGET_NAME)";
				SWIFT_EMIT_LOC_STRINGS = YES;
				SWIFT_VERSION = 5.0;
				TARGETED_DEVICE_FAMILY = "1,2";
			};
			name = Debug;
		};
		F901695F2B6FD80B00D42BD9 /* Release */ = {
			isa = XCBuildConfiguration;
			buildSettings = {
				ASSETCATALOG_COMPILER_APPICON_NAME = AppIcon;
				ASSETCATALOG_COMPILER_GLOBAL_ACCENT_COLOR_NAME = AccentColor;
				CODE_SIGN_STYLE = Automatic;
				CURRENT_PROJECT_VERSION = 1;
				DEVELOPMENT_ASSET_PATHS = "\"SecretCameraRoll/Preview Content\"";
				DEVELOPMENT_TEAM = 893795FC3H;
				ENABLE_PREVIEWS = YES;
				GENERATE_INFOPLIST_FILE = YES;
				INFOPLIST_KEY_UIApplicationSceneManifest_Generation = YES;
				INFOPLIST_KEY_UIApplicationSupportsIndirectInputEvents = YES;
				INFOPLIST_KEY_UILaunchScreen_Generation = YES;
				INFOPLIST_KEY_UISupportedInterfaceOrientations_iPad = "UIInterfaceOrientationPortrait UIInterfaceOrientationPortraitUpsideDown UIInterfaceOrientationLandscapeLeft UIInterfaceOrientationLandscapeRight";
				INFOPLIST_KEY_UISupportedInterfaceOrientations_iPhone = "UIInterfaceOrientationPortrait UIInterfaceOrientationLandscapeLeft UIInterfaceOrientationLandscapeRight";
				LD_RUNPATH_SEARCH_PATHS = (
					"$(inherited)",
					"@executable_path/Frameworks",
				);
				MARKETING_VERSION = 1.0;
				PRODUCT_BUNDLE_IDENTIFIER = com.yves.SecretCameraRoll;
				PRODUCT_NAME = "$(TARGET_NAME)";
				SWIFT_EMIT_LOC_STRINGS = YES;
				SWIFT_VERSION = 5.0;
				TARGETED_DEVICE_FAMILY = "1,2";
			};
			name = Release;
		};
		F90169612B6FD80B00D42BD9 /* Debug */ = {
			isa = XCBuildConfiguration;
			buildSettings = {
				ALWAYS_EMBED_SWIFT_STANDARD_LIBRARIES = YES;
				BUNDLE_LOADER = "$(TEST_HOST)";
				CODE_SIGN_STYLE = Automatic;
				CURRENT_PROJECT_VERSION = 1;
				DEVELOPMENT_TEAM = 893795FC3H;
				GENERATE_INFOPLIST_FILE = YES;
				IPHONEOS_DEPLOYMENT_TARGET = 17.2;
				MARKETING_VERSION = 1.0;
				PRODUCT_BUNDLE_IDENTIFIER = com.yves.SecretCameraRollTests;
				PRODUCT_NAME = "$(TARGET_NAME)";
				SWIFT_EMIT_LOC_STRINGS = NO;
				SWIFT_VERSION = 5.0;
				TARGETED_DEVICE_FAMILY = "1,2";
				TEST_HOST = "$(BUILT_PRODUCTS_DIR)/SecretCameraRoll.app/$(BUNDLE_EXECUTABLE_FOLDER_PATH)/SecretCameraRoll";
			};
			name = Debug;
		};
		F90169622B6FD80B00D42BD9 /* Release */ = {
			isa = XCBuildConfiguration;
			buildSettings = {
				ALWAYS_EMBED_SWIFT_STANDARD_LIBRARIES = YES;
				BUNDLE_LOADER = "$(TEST_HOST)";
				CODE_SIGN_STYLE = Automatic;
				CURRENT_PROJECT_VERSION = 1;
				DEVELOPMENT_TEAM = 893795FC3H;
				GENERATE_INFOPLIST_FILE = YES;
				IPHONEOS_DEPLOYMENT_TARGET = 17.2;
				MARKETING_VERSION = 1.0;
				PRODUCT_BUNDLE_IDENTIFIER = com.yves.SecretCameraRollTests;
				PRODUCT_NAME = "$(TARGET_NAME)";
				SWIFT_EMIT_LOC_STRINGS = NO;
				SWIFT_VERSION = 5.0;
				TARGETED_DEVICE_FAMILY = "1,2";
				TEST_HOST = "$(BUILT_PRODUCTS_DIR)/SecretCameraRoll.app/$(BUNDLE_EXECUTABLE_FOLDER_PATH)/SecretCameraRoll";
			};
			name = Release;
		};
		F90169642B6FD80B00D42BD9 /* Debug */ = {
			isa = XCBuildConfiguration;
			buildSettings = {
				ALWAYS_EMBED_SWIFT_STANDARD_LIBRARIES = YES;
				CODE_SIGN_STYLE = Automatic;
				CURRENT_PROJECT_VERSION = 1;
				DEVELOPMENT_TEAM = 893795FC3H;
				GENERATE_INFOPLIST_FILE = YES;
				MARKETING_VERSION = 1.0;
				PRODUCT_BUNDLE_IDENTIFIER = com.yves.SecretCameraRollUITests;
				PRODUCT_NAME = "$(TARGET_NAME)";
				SWIFT_EMIT_LOC_STRINGS = NO;
				SWIFT_VERSION = 5.0;
				TARGETED_DEVICE_FAMILY = "1,2";
				TEST_TARGET_NAME = SecretCameraRoll;
			};
			name = Debug;
		};
		F90169652B6FD80B00D42BD9 /* Release */ = {
			isa = XCBuildConfiguration;
			buildSettings = {
				ALWAYS_EMBED_SWIFT_STANDARD_LIBRARIES = YES;
				CODE_SIGN_STYLE = Automatic;
				CURRENT_PROJECT_VERSION = 1;
				DEVELOPMENT_TEAM = 893795FC3H;
				GENERATE_INFOPLIST_FILE = YES;
				MARKETING_VERSION = 1.0;
				PRODUCT_BUNDLE_IDENTIFIER = com.yves.SecretCameraRollUITests;
				PRODUCT_NAME = "$(TARGET_NAME)";
				SWIFT_EMIT_LOC_STRINGS = NO;
				SWIFT_VERSION = 5.0;
				TARGETED_DEVICE_FAMILY = "1,2";
				TEST_TARGET_NAME = SecretCameraRoll;
			};
			name = Release;
		};
/* End XCBuildConfiguration section */

/* Begin XCConfigurationList section */
		F90169342B6FD80A00D42BD9 /* Build configuration list for PBXProject "SecretCameraRoll" */ = {
			isa = XCConfigurationList;
			buildConfigurations = (
				F901695B2B6FD80B00D42BD9 /* Debug */,
				F901695C2B6FD80B00D42BD9 /* Release */,
			);
			defaultConfigurationIsVisible = 0;
			defaultConfigurationName = Release;
		};
		F901695D2B6FD80B00D42BD9 /* Build configuration list for PBXNativeTarget "SecretCameraRoll" */ = {
			isa = XCConfigurationList;
			buildConfigurations = (
				F901695E2B6FD80B00D42BD9 /* Debug */,
				F901695F2B6FD80B00D42BD9 /* Release */,
			);
			defaultConfigurationIsVisible = 0;
			defaultConfigurationName = Release;
		};
		F90169602B6FD80B00D42BD9 /* Build configuration list for PBXNativeTarget "SecretCameraRollTests" */ = {
			isa = XCConfigurationList;
			buildConfigurations = (
				F90169612B6FD80B00D42BD9 /* Debug */,
				F90169622B6FD80B00D42BD9 /* Release */,
			);
			defaultConfigurationIsVisible = 0;
			defaultConfigurationName = Release;
		};
		F90169632B6FD80B00D42BD9 /* Build configuration list for PBXNativeTarget "SecretCameraRollUITests" */ = {
			isa = XCConfigurationList;
			buildConfigurations = (
				F90169642B6FD80B00D42BD9 /* Debug */,
				F90169652B6FD80B00D42BD9 /* Release */,
			);
			defaultConfigurationIsVisible = 0;
			defaultConfigurationName = Release;
		};
/* End XCConfigurationList section */
	};
	rootObject = F90169312B6FD80A00D42BD9 /* Project object */;
}
